// !$*UTF8*$!
{
	archiveVersion = 1;
	classes = {
	};
	objectVersion = 56;
	objects = {

/* Begin PBXBuildFile section */
		3F4172752AF5F02600FD02D8 /* AppDelegate.swift in Sources */ = {isa = PBXBuildFile; fileRef = 3F4172742AF5F02600FD02D8 /* AppDelegate.swift */; };
		3F4172772AF5F02600FD02D8 /* ViewController.swift in Sources */ = {isa = PBXBuildFile; fileRef = 3F4172762AF5F02600FD02D8 /* ViewController.swift */; };
		3F4172792AF5F02700FD02D8 /* Assets.xcassets in Resources */ = {isa = PBXBuildFile; fileRef = 3F4172782AF5F02700FD02D8 /* Assets.xcassets */; };
		3F41727C2AF5F02700FD02D8 /* Main.storyboard in Resources */ = {isa = PBXBuildFile; fileRef = 3F41727A2AF5F02700FD02D8 /* Main.storyboard */; };
		3F4172842AF5F18B00FD02D8 /* DragView.swift in Sources */ = {isa = PBXBuildFile; fileRef = 3F4172832AF5F18B00FD02D8 /* DragView.swift */; };
		D73FC2A722EDD59481628306 /* Pods_SourceCodeChecker.framework in Frameworks */ = {isa = PBXBuildFile; fileRef = FD17F68B2866464F0AC5BE29 /* Pods_SourceCodeChecker.framework */; };
/* End PBXBuildFile section */

/* Begin PBXFileReference section */
		313EB693CFBA3B2A3D704D1F /* Pods-SourceCodeChecker.release.xcconfig */ = {isa = PBXFileReference; includeInIndex = 1; lastKnownFileType = text.xcconfig; name = "Pods-SourceCodeChecker.release.xcconfig"; path = "Target Support Files/Pods-SourceCodeChecker/Pods-SourceCodeChecker.release.xcconfig"; sourceTree = "<group>"; };
		3F4172712AF5F02600FD02D8 /* SourceCodeChecker.app */ = {isa = PBXFileReference; explicitFileType = wrapper.application; includeInIndex = 0; path = SourceCodeChecker.app; sourceTree = BUILT_PRODUCTS_DIR; };
		3F4172742AF5F02600FD02D8 /* AppDelegate.swift */ = {isa = PBXFileReference; lastKnownFileType = sourcecode.swift; path = AppDelegate.swift; sourceTree = "<group>"; };
		3F4172762AF5F02600FD02D8 /* ViewController.swift */ = {isa = PBXFileReference; lastKnownFileType = sourcecode.swift; path = ViewController.swift; sourceTree = "<group>"; };
		3F4172782AF5F02700FD02D8 /* Assets.xcassets */ = {isa = PBXFileReference; lastKnownFileType = folder.assetcatalog; path = Assets.xcassets; sourceTree = "<group>"; };
		3F41727B2AF5F02700FD02D8 /* Base */ = {isa = PBXFileReference; lastKnownFileType = file.storyboard; name = Base; path = Base.lproj/Main.storyboard; sourceTree = "<group>"; };
		3F41727D2AF5F02700FD02D8 /* SourceCodeChecker.entitlements */ = {isa = PBXFileReference; lastKnownFileType = text.plist.entitlements; path = SourceCodeChecker.entitlements; sourceTree = "<group>"; };
		3F4172832AF5F18B00FD02D8 /* DragView.swift */ = {isa = PBXFileReference; lastKnownFileType = sourcecode.swift; path = DragView.swift; sourceTree = "<group>"; };
		98587DC409DD1B2508A9D0BF /* Pods-SourceCodeChecker.debug.xcconfig */ = {isa = PBXFileReference; includeInIndex = 1; lastKnownFileType = text.xcconfig; name = "Pods-SourceCodeChecker.debug.xcconfig"; path = "Target Support Files/Pods-SourceCodeChecker/Pods-SourceCodeChecker.debug.xcconfig"; sourceTree = "<group>"; };
		FD17F68B2866464F0AC5BE29 /* Pods_SourceCodeChecker.framework */ = {isa = PBXFileReference; explicitFileType = wrapper.framework; includeInIndex = 0; path = Pods_SourceCodeChecker.framework; sourceTree = BUILT_PRODUCTS_DIR; };
/* End PBXFileReference section */

/* Begin PBXFrameworksBuildPhase section */
		3F41726E2AF5F02600FD02D8 /* Frameworks */ = {
			isa = PBXFrameworksBuildPhase;
			buildActionMask = 2147483647;
			files = (
				D73FC2A722EDD59481628306 /* Pods_SourceCodeChecker.framework in Frameworks */,
			);
			runOnlyForDeploymentPostprocessing = 0;
		};
/* End PBXFrameworksBuildPhase section */

/* Begin PBXGroup section */
		05F84B921EF17D4F3AE7CE9C /* Pods */ = {
			isa = PBXGroup;
			children = (
				98587DC409DD1B2508A9D0BF /* Pods-SourceCodeChecker.debug.xcconfig */,
				313EB693CFBA3B2A3D704D1F /* Pods-SourceCodeChecker.release.xcconfig */,
			);
			path = Pods;
			sourceTree = "<group>";
		};
		3F4172682AF5F02600FD02D8 = {
			isa = PBXGroup;
			children = (
				3F4172732AF5F02600FD02D8 /* SourceCodeChecker */,
				3F4172722AF5F02600FD02D8 /* Products */,
				05F84B921EF17D4F3AE7CE9C /* Pods */,
				5956D865E4E01FA3DAC9BD56 /* Frameworks */,
			);
			sourceTree = "<group>";
		};
		3F4172722AF5F02600FD02D8 /* Products */ = {
			isa = PBXGroup;
			children = (
				3F4172712AF5F02600FD02D8 /* SourceCodeChecker.app */,
			);
			name = Products;
			sourceTree = "<group>";
		};
		3F4172732AF5F02600FD02D8 /* SourceCodeChecker */ = {
			isa = PBXGroup;
			children = (
				3F4172742AF5F02600FD02D8 /* AppDelegate.swift */,
				3F4172762AF5F02600FD02D8 /* ViewController.swift */,
				3F4172782AF5F02700FD02D8 /* Assets.xcassets */,
				3F41727A2AF5F02700FD02D8 /* Main.storyboard */,
				3F41727D2AF5F02700FD02D8 /* SourceCodeChecker.entitlements */,
				3F4172832AF5F18B00FD02D8 /* DragView.swift */,
			);
			path = SourceCodeChecker;
			sourceTree = "<group>";
		};
		5956D865E4E01FA3DAC9BD56 /* Frameworks */ = {
			isa = PBXGroup;
			children = (
				FD17F68B2866464F0AC5BE29 /* Pods_SourceCodeChecker.framework */,
			);
			name = Frameworks;
			sourceTree = "<group>";
		};
/* End PBXGroup section */

/* Begin PBXNativeTarget section */
		3F4172702AF5F02600FD02D8 /* SourceCodeChecker */ = {
			isa = PBXNativeTarget;
			buildConfigurationList = 3F4172802AF5F02700FD02D8 /* Build configuration list for PBXNativeTarget "SourceCodeChecker" */;
			buildPhases = (
				3359903D9CCF1B47373BB7B5 /* [CP] Check Pods Manifest.lock */,
				3F41726D2AF5F02600FD02D8 /* Sources */,
				3F41726E2AF5F02600FD02D8 /* Frameworks */,
				3F41726F2AF5F02600FD02D8 /* Resources */,
				5DC5C65F5650564F8951C23C /* [CP] Embed Pods Frameworks */,
			);
			buildRules = (
			);
			dependencies = (
			);
			name = SourceCodeChecker;
			productName = SourceCodeChecker;
			productReference = 3F4172712AF5F02600FD02D8 /* SourceCodeChecker.app */;
			productType = "com.apple.product-type.application";
		};
/* End PBXNativeTarget section */

/* Begin PBXProject section */
		3F4172692AF5F02600FD02D8 /* Project object */ = {
			isa = PBXProject;
			attributes = {
				BuildIndependentTargetsInParallel = 1;
				LastSwiftUpdateCheck = 1500;
				LastUpgradeCheck = 1500;
				TargetAttributes = {
					3F4172702AF5F02600FD02D8 = {
						CreatedOnToolsVersion = 15.0;
					};
				};
			};
			buildConfigurationList = 3F41726C2AF5F02600FD02D8 /* Build configuration list for PBXProject "SourceCodeChecker" */;
			compatibilityVersion = "Xcode 14.0";
			developmentRegion = en;
			hasScannedForEncodings = 0;
			knownRegions = (
				en,
				Base,
			);
			mainGroup = 3F4172682AF5F02600FD02D8;
			productRefGroup = 3F4172722AF5F02600FD02D8 /* Products */;
			projectDirPath = "";
			projectRoot = "";
			targets = (
				3F4172702AF5F02600FD02D8 /* SourceCodeChecker */,
			);
		};
/* End PBXProject section */

/* Begin PBXResourcesBuildPhase section */
		3F41726F2AF5F02600FD02D8 /* Resources */ = {
			isa = PBXResourcesBuildPhase;
			buildActionMask = 2147483647;
			files = (
				3F4172792AF5F02700FD02D8 /* Assets.xcassets in Resources */,
				3F41727C2AF5F02700FD02D8 /* Main.storyboard in Resources */,
			);
			runOnlyForDeploymentPostprocessing = 0;
		};
/* End PBXResourcesBuildPhase section */

/* Begin PBXShellScriptBuildPhase section */
		3359903D9CCF1B47373BB7B5 /* [CP] Check Pods Manifest.lock */ = {
			isa = PBXShellScriptBuildPhase;
			buildActionMask = 2147483647;
			files = (
			);
			inputFileListPaths = (
			);
			inputPaths = (
				"${PODS_PODFILE_DIR_PATH}/Podfile.lock",
				"${PODS_ROOT}/Manifest.lock",
			);
			name = "[CP] Check Pods Manifest.lock";
			outputFileListPaths = (
			);
			outputPaths = (
				"$(DERIVED_FILE_DIR)/Pods-SourceCodeChecker-checkManifestLockResult.txt",
			);
			runOnlyForDeploymentPostprocessing = 0;
			shellPath = /bin/sh;
			shellScript = "diff \"${PODS_PODFILE_DIR_PATH}/Podfile.lock\" \"${PODS_ROOT}/Manifest.lock\" > /dev/null\nif [ $? != 0 ] ; then\n    # print error to STDERR\n    echo \"error: The sandbox is not in sync with the Podfile.lock. Run 'pod install' or update your CocoaPods installation.\" >&2\n    exit 1\nfi\n# This output is used by Xcode 'outputs' to avoid re-running this script phase.\necho \"SUCCESS\" > \"${SCRIPT_OUTPUT_FILE_0}\"\n";
			showEnvVarsInLog = 0;
		};
		5DC5C65F5650564F8951C23C /* [CP] Embed Pods Frameworks */ = {
			isa = PBXShellScriptBuildPhase;
			buildActionMask = 2147483647;
			files = (
			);
			inputFileListPaths = (
				"${PODS_ROOT}/Target Support Files/Pods-SourceCodeChecker/Pods-SourceCodeChecker-frameworks-${CONFIGURATION}-input-files.xcfilelist",
			);
			name = "[CP] Embed Pods Frameworks";
			outputFileListPaths = (
				"${PODS_ROOT}/Target Support Files/Pods-SourceCodeChecker/Pods-SourceCodeChecker-frameworks-${CONFIGURATION}-output-files.xcfilelist",
			);
			runOnlyForDeploymentPostprocessing = 0;
			shellPath = /bin/sh;
			shellScript = "\"${PODS_ROOT}/Target Support Files/Pods-SourceCodeChecker/Pods-SourceCodeChecker-frameworks.sh\"\n";
			showEnvVarsInLog = 0;
		};
/* End PBXShellScriptBuildPhase section */

/* Begin PBXSourcesBuildPhase section */
		3F41726D2AF5F02600FD02D8 /* Sources */ = {
			isa = PBXSourcesBuildPhase;
			buildActionMask = 2147483647;
			files = (
				3F4172772AF5F02600FD02D8 /* ViewController.swift in Sources */,
				3F4172752AF5F02600FD02D8 /* AppDelegate.swift in Sources */,
				3F4172842AF5F18B00FD02D8 /* DragView.swift in Sources */,
			);
			runOnlyForDeploymentPostprocessing = 0;
		};
/* End PBXSourcesBuildPhase section */

/* Begin PBXVariantGroup section */
		3F41727A2AF5F02700FD02D8 /* Main.storyboard */ = {
			isa = PBXVariantGroup;
			children = (
				3F41727B2AF5F02700FD02D8 /* Base */,
			);
			name = Main.storyboard;
			sourceTree = "<group>";
		};
/* End PBXVariantGroup section */

/* Begin XCBuildConfiguration section */
		3F41727E2AF5F02700FD02D8 /* Debug */ = {
			isa = XCBuildConfiguration;
			buildSettings = {
				ALWAYS_SEARCH_USER_PATHS = NO;
				ASSETCATALOG_COMPILER_GENERATE_SWIFT_ASSET_SYMBOL_EXTENSIONS = YES;
				CLANG_ANALYZER_NONNULL = YES;
				CLANG_ANALYZER_NUMBER_OBJECT_CONVERSION = YES_AGGRESSIVE;
				CLANG_CXX_LANGUAGE_STANDARD = "gnu++20";
				CLANG_ENABLE_MODULES = YES;
				CLANG_ENABLE_OBJC_ARC = YES;
				CLANG_ENABLE_OBJC_WEAK = YES;
				CLANG_WARN_BLOCK_CAPTURE_AUTORELEASING = YES;
				CLANG_WARN_BOOL_CONVERSION = YES;
				CLANG_WARN_COMMA = YES;
				CLANG_WARN_CONSTANT_CONVERSION = YES;
				CLANG_WARN_DEPRECATED_OBJC_IMPLEMENTATIONS = YES;
				CLANG_WARN_DIRECT_OBJC_ISA_USAGE = YES_ERROR;
				CLANG_WARN_DOCUMENTATION_COMMENTS = YES;
				CLANG_WARN_EMPTY_BODY = YES;
				CLANG_WARN_ENUM_CONVERSION = YES;
				CLANG_WARN_INFINITE_RECURSION = YES;
				CLANG_WARN_INT_CONVERSION = YES;
				CLANG_WARN_NON_LITERAL_NULL_CONVERSION = YES;
				CLANG_WARN_OBJC_IMPLICIT_RETAIN_SELF = YES;
				CLANG_WARN_OBJC_LITERAL_CONVERSION = YES;
				CLANG_WARN_OBJC_ROOT_CLASS = YES_ERROR;
				CLANG_WARN_QUOTED_INCLUDE_IN_FRAMEWORK_HEADER = YES;
				CLANG_WARN_RANGE_LOOP_ANALYSIS = YES;
				CLANG_WARN_STRICT_PROTOTYPES = YES;
				CLANG_WARN_SUSPICIOUS_MOVE = YES;
				CLANG_WARN_UNGUARDED_AVAILABILITY = YES_AGGRESSIVE;
				CLANG_WARN_UNREACHABLE_CODE = YES;
				CLANG_WARN__DUPLICATE_METHOD_MATCH = YES;
				COPY_PHASE_STRIP = NO;
				DEBUG_INFORMATION_FORMAT = dwarf;
				ENABLE_STRICT_OBJC_MSGSEND = YES;
				ENABLE_TESTABILITY = YES;
				ENABLE_USER_SCRIPT_SANDBOXING = YES;
				GCC_C_LANGUAGE_STANDARD = gnu17;
				GCC_DYNAMIC_NO_PIC = NO;
				GCC_NO_COMMON_BLOCKS = YES;
				GCC_OPTIMIZATION_LEVEL = 0;
				GCC_PREPROCESSOR_DEFINITIONS = (
					"DEBUG=1",
					"$(inherited)",
				);
				GCC_WARN_64_TO_32_BIT_CONVERSION = YES;
				GCC_WARN_ABOUT_RETURN_TYPE = YES_ERROR;
				GCC_WARN_UNDECLARED_SELECTOR = YES;
				GCC_WARN_UNINITIALIZED_AUTOS = YES_AGGRESSIVE;
				GCC_WARN_UNUSED_FUNCTION = YES;
				GCC_WARN_UNUSED_VARIABLE = YES;
				LOCALIZATION_PREFERS_STRING_CATALOGS = YES;
				MACOSX_DEPLOYMENT_TARGET = 14.0;
				MTL_ENABLE_DEBUG_INFO = INCLUDE_SOURCE;
				MTL_FAST_MATH = YES;
				ONLY_ACTIVE_ARCH = YES;
				SDKROOT = macosx;
				SWIFT_ACTIVE_COMPILATION_CONDITIONS = "DEBUG $(inherited)";
				SWIFT_OPTIMIZATION_LEVEL = "-Onone";
			};
			name = Debug;
		};
		3F41727F2AF5F02700FD02D8 /* Release */ = {
			isa = XCBuildConfiguration;
			buildSettings = {
				ALWAYS_SEARCH_USER_PATHS = NO;
				ASSETCATALOG_COMPILER_GENERATE_SWIFT_ASSET_SYMBOL_EXTENSIONS = YES;
				CLANG_ANALYZER_NONNULL = YES;
				CLANG_ANALYZER_NUMBER_OBJECT_CONVERSION = YES_AGGRESSIVE;
				CLANG_CXX_LANGUAGE_STANDARD = "gnu++20";
				CLANG_ENABLE_MODULES = YES;
				CLANG_ENABLE_OBJC_ARC = YES;
				CLANG_ENABLE_OBJC_WEAK = YES;
				CLANG_WARN_BLOCK_CAPTURE_AUTORELEASING = YES;
				CLANG_WARN_BOOL_CONVERSION = YES;
				CLANG_WARN_COMMA = YES;
				CLANG_WARN_CONSTANT_CONVERSION = YES;
				CLANG_WARN_DEPRECATED_OBJC_IMPLEMENTATIONS = YES;
				CLANG_WARN_DIRECT_OBJC_ISA_USAGE = YES_ERROR;
				CLANG_WARN_DOCUMENTATION_COMMENTS = YES;
				CLANG_WARN_EMPTY_BODY = YES;
				CLANG_WARN_ENUM_CONVERSION = YES;
				CLANG_WARN_INFINITE_RECURSION = YES;
				CLANG_WARN_INT_CONVERSION = YES;
				CLANG_WARN_NON_LITERAL_NULL_CONVERSION = YES;
				CLANG_WARN_OBJC_IMPLICIT_RETAIN_SELF = YES;
				CLANG_WARN_OBJC_LITERAL_CONVERSION = YES;
				CLANG_WARN_OBJC_ROOT_CLASS = YES_ERROR;
				CLANG_WARN_QUOTED_INCLUDE_IN_FRAMEWORK_HEADER = YES;
				CLANG_WARN_RANGE_LOOP_ANALYSIS = YES;
				CLANG_WARN_STRICT_PROTOTYPES = YES;
				CLANG_WARN_SUSPICIOUS_MOVE = YES;
				CLANG_WARN_UNGUARDED_AVAILABILITY = YES_AGGRESSIVE;
				CLANG_WARN_UNREACHABLE_CODE = YES;
				CLANG_WARN__DUPLICATE_METHOD_MATCH = YES;
				COPY_PHASE_STRIP = NO;
				DEBUG_INFORMATION_FORMAT = "dwarf-with-dsym";
				ENABLE_NS_ASSERTIONS = NO;
				ENABLE_STRICT_OBJC_MSGSEND = YES;
				ENABLE_USER_SCRIPT_SANDBOXING = YES;
				GCC_C_LANGUAGE_STANDARD = gnu17;
				GCC_NO_COMMON_BLOCKS = YES;
				GCC_WARN_64_TO_32_BIT_CONVERSION = YES;
				GCC_WARN_ABOUT_RETURN_TYPE = YES_ERROR;
				GCC_WARN_UNDECLARED_SELECTOR = YES;
				GCC_WARN_UNINITIALIZED_AUTOS = YES_AGGRESSIVE;
				GCC_WARN_UNUSED_FUNCTION = YES;
				GCC_WARN_UNUSED_VARIABLE = YES;
				LOCALIZATION_PREFERS_STRING_CATALOGS = YES;
				MACOSX_DEPLOYMENT_TARGET = 14.0;
				MTL_ENABLE_DEBUG_INFO = NO;
				MTL_FAST_MATH = YES;
				SDKROOT = macosx;
				SWIFT_COMPILATION_MODE = wholemodule;
			};
			name = Release;
		};
		3F4172812AF5F02700FD02D8 /* Debug */ = {
			isa = XCBuildConfiguration;
			baseConfigurationReference = 98587DC409DD1B2508A9D0BF /* Pods-SourceCodeChecker.debug.xcconfig */;
			buildSettings = {
				ASSETCATALOG_COMPILER_APPICON_NAME = AppIcon;
				ASSETCATALOG_COMPILER_GLOBAL_ACCENT_COLOR_NAME = AccentColor;
				CODE_SIGN_ENTITLEMENTS = SourceCodeChecker/SourceCodeChecker.entitlements;
				CODE_SIGN_STYLE = Automatic;
				COMBINE_HIDPI_IMAGES = YES;
				CURRENT_PROJECT_VERSION = 1;
				DEVELOPMENT_TEAM = 86JSFRSCH9;
				ENABLE_USER_SCRIPT_SANDBOXING = NO;
				GENERATE_INFOPLIST_FILE = YES;
				INFOPLIST_KEY_NSHumanReadableCopyright = "";
				INFOPLIST_KEY_NSMainStoryboardFile = Main;
				INFOPLIST_KEY_NSPrincipalClass = NSApplication;
				LD_RUNPATH_SEARCH_PATHS = (
					"$(inherited)",
					"@executable_path/../Frameworks",
				);
				MARKETING_VERSION = 1.0;
				PRODUCT_BUNDLE_IDENTIFIER = com.jayying.SourceCodeChecker;
				PRODUCT_NAME = "$(TARGET_NAME)";
				SWIFT_EMIT_LOC_STRINGS = YES;
				SWIFT_VERSION = 5.0;
			};
			name = Debug;
		};
		3F4172822AF5F02700FD02D8 /* Release */ = {
			isa = XCBuildConfiguration;
			baseConfigurationReference = 313EB693CFBA3B2A3D704D1F /* Pods-SourceCodeChecker.release.xcconfig */;
			buildSettings = {
				ASSETCATALOG_COMPILER_APPICON_NAME = AppIcon;
				ASSETCATALOG_COMPILER_GLOBAL_ACCENT_COLOR_NAME = AccentColor;
				CODE_SIGN_ENTITLEMENTS = SourceCodeChecker/SourceCodeChecker.entitlements;
				CODE_SIGN_STYLE = Automatic;
				COMBINE_HIDPI_IMAGES = YES;
				CURRENT_PROJECT_VERSION = 1;
				DEVELOPMENT_TEAM = 86JSFRSCH9;
				ENABLE_USER_SCRIPT_SANDBOXING = NO;
				GENERATE_INFOPLIST_FILE = YES;
				INFOPLIST_KEY_NSHumanReadableCopyright = "";
				INFOPLIST_KEY_NSMainStoryboardFile = Main;
				INFOPLIST_KEY_NSPrincipalClass = NSApplication;
				LD_RUNPATH_SEARCH_PATHS = (
					"$(inherited)",
					"@executable_path/../Frameworks",
				);
				MARKETING_VERSION = 1.0;
				PRODUCT_BUNDLE_IDENTIFIER = com.jayying.SourceCodeChecker;
				PRODUCT_NAME = "$(TARGET_NAME)";
				SWIFT_EMIT_LOC_STRINGS = YES;
				SWIFT_VERSION = 5.0;
			};
			name = Release;
		};
/* End XCBuildConfiguration section */

/* Begin XCConfigurationList section */
		3F41726C2AF5F02600FD02D8 /* Build configuration list for PBXProject "SourceCodeChecker" */ = {
			isa = XCConfigurationList;
			buildConfigurations = (
				3F41727E2AF5F02700FD02D8 /* Debug */,
				3F41727F2AF5F02700FD02D8 /* Release */,
			);
			defaultConfigurationIsVisible = 0;
			defaultConfigurationName = Release;
		};
		3F4172802AF5F02700FD02D8 /* Build configuration list for PBXNativeTarget "SourceCodeChecker" */ = {
			isa = XCConfigurationList;
			buildConfigurations = (
				3F4172812AF5F02700FD02D8 /* Debug */,
				3F4172822AF5F02700FD02D8 /* Release */,
			);
			defaultConfigurationIsVisible = 0;
			defaultConfigurationName = Release;
		};
/* End XCConfigurationList section */
	};
	rootObject = 3F4172692AF5F02600FD02D8 /* Project object */;
}
